
Microsoft Visual Studio Solution File, Format Version 12.00
# Visual Studio Version 16
VisualStudioVersion = 16.0.30611.23
MinimumVisualStudioVersion = 10.0.40219.1
Project("{FAE04EC0-301F-11D3-BF4B-00C04F79EFBC}") = "ArcheryTuningTool", "ArcheryTuningTool\ArcheryTuningTool.csproj", "{FEB438E0-550B-45FC-9F32-DF20A9731FF1}"
EndProject
Global
	GlobalSection(SolutionConfigurationPlatforms) = preSolution
		Debug|Any CPU = Debug|Any CPU
		Release|Any CPU = Release|Any CPU
	EndGlobalSection
	GlobalSection(ProjectConfigurationPlatforms) = postSolution
		{FEB438E0-550B-45FC-9F32-DF20A9731FF1}.Debug|Any CPU.ActiveCfg = Debug|Any CPU
		{FEB438E0-550B-45FC-9F32-DF20A9731FF1}.Debug|Any CPU.Build.0 = Debug|Any CPU
		{FEB438E0-550B-45FC-9F32-DF20A9731FF1}.Release|Any CPU.ActiveCfg = Release|Any CPU
		{FEB438E0-550B-45FC-9F32-DF20A9731FF1}.Release|Any CPU.Build.0 = Release|Any CPU
	EndGlobalSection
	GlobalSection(SolutionProperties) = preSolution
		HideSolutionNode = FALSE
	EndGlobalSection
	GlobalSection(ExtensibilityGlobals) = postSolution
		SolutionGuid = {C51B42E0-AB9E-477B-89AE-F2C8EB197BAA}
	EndGlobalSection
EndGlobal
